
Microsoft Visual Studio Solution File, Format Version 12.00
# Visual Studio Version 17
VisualStudioVersion = 17.0.31903.59
MinimumVisualStudioVersion = 10.0.40219.1
Project("{FAE04EC0-301F-11D3-BF4B-00C04F79EFBC}") = "Infinite1942.DesktopGL", "Infinite1942.DesktopGL\Infinite1942.DesktopGL.csproj", "{79F0A39C-4276-44EB-B3A5-BE2762458CDD}"
EndProject
Project("{FAE04EC0-301F-11D3-BF4B-00C04F79EFBC}") = "Infinite1942.Core", "Infinite1942.Core\Infinite1942.Core.csproj", "{515D3433-619C-A42B-1D68-9C87998C45A3}"
EndProject
Global
	GlobalSection(SolutionConfigurationPlatforms) = preSolution
		Debug|Any CPU = Debug|Any CPU
		Release|Any CPU = Release|Any CPU
	EndGlobalSection
	GlobalSection(ProjectConfigurationPlatforms) = postSolution
		{79F0A39C-4276-44EB-B3A5-BE2762458CDD}.Debug|Any CPU.ActiveCfg = Debug|Any CPU
		{79F0A39C-4276-44EB-B3A5-BE2762458CDD}.Debug|Any CPU.Build.0 = Debug|Any CPU
		{79F0A39C-4276-44EB-B3A5-BE2762458CDD}.Release|Any CPU.ActiveCfg = Release|Any CPU
		{79F0A39C-4276-44EB-B3A5-BE2762458CDD}.Release|Any CPU.Build.0 = Release|Any CPU
		{515D3433-619C-A42B-1D68-9C87998C45A3}.Debug|Any CPU.ActiveCfg = Debug|Any CPU
		{515D3433-619C-A42B-1D68-9C87998C45A3}.Debug|Any CPU.Build.0 = Debug|Any CPU
		{515D3433-619C-A42B-1D68-9C87998C45A3}.Release|Any CPU.ActiveCfg = Release|Any CPU
		{515D3433-619C-A42B-1D68-9C87998C45A3}.Release|Any CPU.Build.0 = Release|Any CPU
	EndGlobalSection
	GlobalSection(SolutionProperties) = preSolution
		HideSolutionNode = FALSE
	EndGlobalSection
EndGlobal
