
Microsoft Visual Studio Solution File, Format Version 12.00
# Visual Studio Version 17
VisualStudioVersion = 17.0.31903.59
MinimumVisualStudioVersion = 10.0.40219.1
Project("{FAE04EC0-301F-11D3-BF4B-00C04F79EFBC}") = "Infinite1942.WinDX", "Infinite1942.WinDX\Infinite1942.WinDX.csproj", "{8E5D499D-CB62-4340-94ED-DF93D01F1F15}"
EndProject
Project("{FAE04EC0-301F-11D3-BF4B-00C04F79EFBC}") = "Infinite1942.Core", "Infinite1942.Core\Infinite1942.Core.csproj", "{C23AA685-06EE-474D-8BB1-BBA9A2634606}"
EndProject
Global
	GlobalSection(SolutionConfigurationPlatforms) = preSolution
		Debug|Any CPU = Debug|Any CPU
		Release|Any CPU = Release|Any CPU
	EndGlobalSection
	GlobalSection(ProjectConfigurationPlatforms) = postSolution
		{8E5D499D-CB62-4340-94ED-DF93D01F1F15}.Debug|Any CPU.ActiveCfg = Debug|Any CPU
		{8E5D499D-CB62-4340-94ED-DF93D01F1F15}.Debug|Any CPU.Build.0 = Debug|Any CPU
		{8E5D499D-CB62-4340-94ED-DF93D01F1F15}.Release|Any CPU.ActiveCfg = Release|Any CPU
		{8E5D499D-CB62-4340-94ED-DF93D01F1F15}.Release|Any CPU.Build.0 = Release|Any CPU
		{C23AA685-06EE-474D-8BB1-BBA9A2634606}.Debug|Any CPU.ActiveCfg = Debug|Any CPU
		{C23AA685-06EE-474D-8BB1-BBA9A2634606}.Debug|Any CPU.Build.0 = Debug|Any CPU
		{C23AA685-06EE-474D-8BB1-BBA9A2634606}.Release|Any CPU.ActiveCfg = Release|Any CPU
		{C23AA685-06EE-474D-8BB1-BBA9A2634606}.Release|Any CPU.Build.0 = Release|Any CPU
	EndGlobalSection
	GlobalSection(SolutionProperties) = preSolution
		HideSolutionNode = FALSE
	EndGlobalSection
	GlobalSection(ExtensibilityGlobals) = postSolution
		SolutionGuid = {785C9ECC-94C7-47B9-A5DD-83C0B6B2CFAF}
	EndGlobalSection
EndGlobal
